
Microsoft Visual Studio Solution File, Format Version 12.00
# Visual Studio Version 17
VisualStudioVersion = 17.7.34031.279
MinimumVisualStudioVersion = 10.0.40219.1
Project("{FAE04EC0-301F-11D3-BF4B-00C04F79EFBC}") = "ForLoops", "ForLoops\ForLoops.csproj", "{E3270716-60E1-4331-AFEF-25096BD43D25}"
EndProject
Global
	GlobalSection(SolutionConfigurationPlatforms) = preSolution
		Debug|Any CPU = Debug|Any CPU
		Release|Any CPU = Release|Any CPU
	EndGlobalSection
	GlobalSection(ProjectConfigurationPlatforms) = postSolution
		{E3270716-60E1-4331-AFEF-25096BD43D25}.Debug|Any CPU.ActiveCfg = Debug|Any CPU
		{E3270716-60E1-4331-AFEF-25096BD43D25}.Debug|Any CPU.Build.0 = Debug|Any CPU
		{E3270716-60E1-4331-AFEF-25096BD43D25}.Release|Any CPU.ActiveCfg = Release|Any CPU
		{E3270716-60E1-4331-AFEF-25096BD43D25}.Release|Any CPU.Build.0 = Release|Any CPU
	EndGlobalSection
	GlobalSection(SolutionProperties) = preSolution
		HideSolutionNode = FALSE
	EndGlobalSection
	GlobalSection(ExtensibilityGlobals) = postSolution
		SolutionGuid = {83A26E9C-BE8E-4A0A-B987-3B3C062C5A89}
	EndGlobalSection
EndGlobal
